
Microsoft Visual Studio Solution File, Format Version 12.00
# Visual Studio Version 17
VisualStudioVersion = 17.5.33530.505
MinimumVisualStudioVersion = 10.0.40219.1
Project("{FAE04EC0-301F-11D3-BF4B-00C04F79EFBC}") = "Data types", "Data types\Data types.csproj", "{FF4E1850-23BB-47B3-9A6F-01FDAF00DC1E}"
EndProject
Global
	GlobalSection(SolutionConfigurationPlatforms) = preSolution
		Debug|Any CPU = Debug|Any CPU
		Release|Any CPU = Release|Any CPU
	EndGlobalSection
	GlobalSection(ProjectConfigurationPlatforms) = postSolution
		{FF4E1850-23BB-47B3-9A6F-01FDAF00DC1E}.Debug|Any CPU.ActiveCfg = Debug|Any CPU
		{FF4E1850-23BB-47B3-9A6F-01FDAF00DC1E}.Debug|Any CPU.Build.0 = Debug|Any CPU
		{FF4E1850-23BB-47B3-9A6F-01FDAF00DC1E}.Release|Any CPU.ActiveCfg = Release|Any CPU
		{FF4E1850-23BB-47B3-9A6F-01FDAF00DC1E}.Release|Any CPU.Build.0 = Release|Any CPU
	EndGlobalSection
	GlobalSection(SolutionProperties) = preSolution
		HideSolutionNode = FALSE
	EndGlobalSection
	GlobalSection(ExtensibilityGlobals) = postSolution
		SolutionGuid = {42E598F6-3906-4AE2-9ABB-FB122A7A9063}
	EndGlobalSection
EndGlobal
